
Microsoft Visual Studio Solution File, Format Version 12.00
# Visual Studio Version 17
VisualStudioVersion = 17.6.33712.159
MinimumVisualStudioVersion = 10.0.40219.1
Project("{FAE04EC0-301F-11D3-BF4B-00C04F79EFBC}") = "Protocolo SNMP", "Protocolo SNMP.csproj", "{5E4DFC9B-6F98-4B59-A6E5-119BB5723F0A}"
EndProject
Global
	GlobalSection(SolutionConfigurationPlatforms) = preSolution
		Debug|Any CPU = Debug|Any CPU
		Release|Any CPU = Release|Any CPU
	EndGlobalSection
	GlobalSection(ProjectConfigurationPlatforms) = postSolution
		{5E4DFC9B-6F98-4B59-A6E5-119BB5723F0A}.Debug|Any CPU.ActiveCfg = Debug|Any CPU
		{5E4DFC9B-6F98-4B59-A6E5-119BB5723F0A}.Debug|Any CPU.Build.0 = Debug|Any CPU
		{5E4DFC9B-6F98-4B59-A6E5-119BB5723F0A}.Release|Any CPU.ActiveCfg = Release|Any CPU
		{5E4DFC9B-6F98-4B59-A6E5-119BB5723F0A}.Release|Any CPU.Build.0 = Release|Any CPU
	EndGlobalSection
	GlobalSection(SolutionProperties) = preSolution
		HideSolutionNode = FALSE
	EndGlobalSection
	GlobalSection(ExtensibilityGlobals) = postSolution
		SolutionGuid = {480DF3CB-A396-4D28-939E-5F649964319F}
	EndGlobalSection
EndGlobal
